[[package]]
category = "dev"
description = "Async generators and context managers for Python 3.5+"
marker = "python_version == \"3.5\""
name = "async-generator"
optional = false
python-versions = ">=3.5"
version = "1.10"

[[package]]
category = "main"
description = "An asyncio PostgreSQL driver"
name = "asyncpg"
optional = true
python-versions = ">=3.5.0"
version = "0.20.1"

[package.extras]
dev = ["Cython (0.29.14)", "pytest (>=3.6.0)", "Sphinx (>=1.7.3,<1.8.0)", "sphinxcontrib-asyncio (>=0.2.0,<0.3.0)", "sphinx-rtd-theme (>=0.2.4,<0.3.0)", "pycodestyle (>=2.5.0,<2.6.0)", "flake8 (>=3.7.9,<3.8.0)", "uvloop (>=0.14.0,<0.15.0)"]
docs = ["Sphinx (>=1.7.3,<1.8.0)", "sphinxcontrib-asyncio (>=0.2.0,<0.3.0)", "sphinx-rtd-theme (>=0.2.4,<0.3.0)"]
test = ["pycodestyle (>=2.5.0,<2.6.0)", "flake8 (>=3.7.9,<3.8.0)", "uvloop (>=0.14.0,<0.15.0)"]

[[package]]
category = "dev"
description = "Atomic file writes."
marker = "sys_platform == \"win32\""
name = "atomicwrites"
optional = false
python-versions = ">=2.7, !=3.0.*, !=3.1.*, !=3.2.*, !=3.3.*"
version = "1.4.0"

[[package]]
category = "dev"
description = "Classes Without Boilerplate"
name = "attrs"
optional = false
python-versions = ">=2.7, !=3.0.*, !=3.1.*, !=3.2.*, !=3.3.*"
version = "19.3.0"

[package.extras]
azure-pipelines = ["coverage", "hypothesis", "pympler", "pytest (>=4.3.0)", "six", "zope.interface", "pytest-azurepipelines"]
dev = ["coverage", "hypothesis", "pympler", "pytest (>=4.3.0)", "six", "zope.interface", "sphinx", "pre-commit"]
docs = ["sphinx", "zope.interface"]
tests = ["coverage", "hypothesis", "pympler", "pytest (>=4.3.0)", "six", "zope.interface"]

[[package]]
category = "main"
description = "The AWS SDK for Python"
name = "boto3"
optional = false
python-versions = "*"
version = "1.14.37"

[package.dependencies]
botocore = ">=1.17.37,<1.18.0"
jmespath = ">=0.7.1,<1.0.0"
s3transfer = ">=0.3.0,<0.4.0"

[[package]]
category = "main"
description = "Low-level, data-driven core of boto 3."
name = "botocore"
optional = false
python-versions = "*"
version = "1.17.37"

[package.dependencies]
docutils = ">=0.10,<0.16"
jmespath = ">=0.7.1,<1.0.0"
python-dateutil = ">=2.1,<3.0.0"

[package.dependencies.urllib3]
python = "<3.4.0 || >=3.5.0"
version = ">=1.20,<1.26"

[[package]]
category = "dev"
description = "Cross-platform colored terminal text."
marker = "sys_platform == \"win32\""
name = "colorama"
optional = false
python-versions = ">=2.7, !=3.0.*, !=3.1.*, !=3.2.*, !=3.3.*, !=3.4.*"
version = "0.4.3"

[[package]]
category = "main"
description = "Docutils -- Python Documentation Utilities"
name = "docutils"
optional = false
python-versions = ">=2.6, !=3.0.*, !=3.1.*, !=3.2.*"
version = "0.15.2"

[[package]]
category = "main"
description = "HTTP/2-based RPC framework"
name = "grpcio"
optional = false
python-versions = "*"
version = "1.31.0"

[package.dependencies]
six = ">=1.5.2"

[package.extras]
protobuf = ["grpcio-tools (>=1.31.0)"]

[[package]]
category = "main"
description = "Protobuf code generator for gRPC"
name = "grpcio-tools"
optional = false
python-versions = "*"
version = "1.31.0"

[package.dependencies]
grpcio = ">=1.31.0"
protobuf = ">=3.5.0.post1,<4.0dev"

[[package]]
category = "dev"
description = "Read metadata from Python packages"
marker = "python_version < \"3.8\""
name = "importlib-metadata"
optional = false
python-versions = "!=3.0.*,!=3.1.*,!=3.2.*,!=3.3.*,!=3.4.*,>=2.7"
version = "1.7.0"

[package.dependencies]
zipp = ">=0.5"

[package.extras]
docs = ["sphinx", "rst.linker"]
testing = ["packaging", "pep517", "importlib-resources (>=1.3)"]

[[package]]
category = "main"
description = "JSON Matching Expressions"
name = "jmespath"
optional = false
python-versions = ">=2.6, !=3.0.*, !=3.1.*, !=3.2.*"
version = "0.10.0"

[[package]]
category = "dev"
description = "More routines for operating on iterables, beyond itertools"
name = "more-itertools"
optional = false
python-versions = ">=3.5"
version = "8.4.0"

[[package]]
category = "main"
description = "MySQL driver written in Python"
name = "mysql-connector-python"
optional = true
python-versions = "*"
version = "8.0.21"

[package.dependencies]
protobuf = ">=3.0.0"

[package.extras]
compression = ["lz4 (>=2.1.6)"]
dns-srv = ["dnspython (>=1.16.0)"]

[[package]]
category = "dev"
description = "Core utilities for Python packages"
name = "packaging"
optional = false
python-versions = ">=2.7, !=3.0.*, !=3.1.*, !=3.2.*, !=3.3.*"
version = "20.4"

[package.dependencies]
pyparsing = ">=2.0.2"
six = "*"

[[package]]
category = "dev"
description = "Object-oriented filesystem paths"
marker = "python_version < \"3.6\""
name = "pathlib2"
optional = false
python-versions = "*"
version = "2.3.5"

[package.dependencies]
six = "*"

[[package]]
category = "dev"
description = "plugin and hook calling mechanisms for python"
name = "pluggy"
optional = false
python-versions = ">=2.7, !=3.0.*, !=3.1.*, !=3.2.*, !=3.3.*"
version = "0.13.1"

[package.dependencies]
[package.dependencies.importlib-metadata]
python = "<3.8"
version = ">=0.12"

[package.extras]
dev = ["pre-commit", "tox"]

[[package]]
category = "main"
description = "Protocol Buffers"
name = "protobuf"
optional = false
python-versions = "*"
version = "3.12.4"

[package.dependencies]
setuptools = "*"
six = ">=1.9"

[[package]]
category = "main"
description = "psycopg2 - Python-PostgreSQL Database Adapter"
name = "psycopg2"
optional = true
python-versions = ">=2.7,!=3.0.*,!=3.1.*,!=3.2.*,!=3.3.*"
version = "2.8.5"

[[package]]
category = "dev"
description = "library with cross-python path, ini-parsing, io, code, log facilities"
name = "py"
optional = false
python-versions = ">=2.7, !=3.0.*, !=3.1.*, !=3.2.*, !=3.3.*"
version = "1.9.0"

[[package]]
category = "main"
description = "Pure Python MySQL Driver"
name = "pymysql"
optional = true
python-versions = "*"
version = "0.9.3"

[package.extras]
rsa = ["cryptography"]

[[package]]
category = "dev"
description = "Python parsing module"
name = "pyparsing"
optional = false
python-versions = ">=2.6, !=3.0.*, !=3.1.*, !=3.2.*"
version = "2.4.7"

[[package]]
category = "dev"
description = "pytest: simple powerful testing with Python"
name = "pytest"
optional = false
python-versions = ">=3.5"
version = "5.4.3"

[package.dependencies]
atomicwrites = ">=1.0"
attrs = ">=17.4.0"
colorama = "*"
more-itertools = ">=4.0.0"
packaging = "*"
pluggy = ">=0.12,<1.0"
py = ">=1.5.0"
wcwidth = "*"

[package.dependencies.importlib-metadata]
python = "<3.8"
version = ">=0.12"

[package.dependencies.pathlib2]
python = "<3.6"
version = ">=2.2.0"

[package.extras]
checkqa-mypy = ["mypy (v0.761)"]
testing = ["argcomplete", "hypothesis (>=3.56)", "mock", "nose", "requests", "xmlschema"]

[[package]]
category = "dev"
description = "Pytest support for asyncio."
name = "pytest-asyncio"
optional = false
python-versions = ">= 3.5"
version = "0.14.0"

[package.dependencies]
pytest = ">=5.4.0"

[package.dependencies.async-generator]
python = ">=3.5,<3.6"
version = ">=1.3"

[package.extras]
testing = ["async-generator (>=1.3)", "coverage", "hypothesis (>=5.7.1)"]

[[package]]
category = "dev"
description = "a pytest plugin for parallel and concurrent testing"
name = "pytest-parallel"
optional = false
python-versions = "*"
version = "0.1.0"

[package.dependencies]
pytest = ">=3.0.0"
tblib = "*"

[[package]]
category = "main"
description = "Extensions to the standard Python datetime module"
name = "python-dateutil"
optional = false
python-versions = "!=3.0.*,!=3.1.*,!=3.2.*,>=2.7"
version = "2.8.1"

[package.dependencies]
six = ">=1.5"

[[package]]
category = "main"
description = "An Amazon S3 Transfer Manager"
name = "s3transfer"
optional = false
python-versions = "*"
version = "0.3.3"

[package.dependencies]
botocore = ">=1.12.36,<2.0a.0"

[[package]]
category = "main"
description = "Python 2 and 3 compatibility utilities"
name = "six"
optional = false
python-versions = ">=2.7, !=3.0.*, !=3.1.*, !=3.2.*"
version = "1.15.0"

[[package]]
category = "dev"
description = "Traceback serialization library."
name = "tblib"
optional = false
python-versions = ">=2.7, !=3.0.*, !=3.1.*, !=3.2.*, !=3.3.*, !=3.4.*"
version = "1.7.0"

[[package]]
category = "main"
description = "HTTP library with thread-safe connection pooling, file post, and more."
marker = "python_version != \"3.4\""
name = "urllib3"
optional = false
python-versions = ">=2.7, !=3.0.*, !=3.1.*, !=3.2.*, !=3.3.*, !=3.4.*, <4"
version = "1.25.10"

[package.extras]
brotli = ["brotlipy (>=0.6.0)"]
secure = ["certifi", "cryptography (>=1.3.4)", "idna (>=2.0.0)", "pyOpenSSL (>=0.14)", "ipaddress"]
socks = ["PySocks (>=1.5.6,<1.5.7 || >1.5.7,<2.0)"]

[[package]]
category = "dev"
description = "Measures the displayed width of unicode strings in a terminal"
name = "wcwidth"
optional = false
python-versions = "*"
version = "0.2.5"

[[package]]
category = "dev"
description = "Backport of pathlib-compatible object wrapper for zip files"
marker = "python_version < \"3.8\""
name = "zipp"
optional = false
python-versions = ">=2.7"
version = "1.2.0"

[package.extras]
docs = ["sphinx", "jaraco.packaging (>=3.2)", "rst.linker (>=1.9)"]
testing = ["pathlib2", "unittest2", "jaraco.itertools", "func-timeout"]

[extras]
sqllibs = ["psycopg2", "asyncpg", "mysql-connector-python", "pymysql"]

[metadata]
content-hash = "7ca264d9c80a90826608af884f671e188855a1757577e9113df86471d4931106"
python-versions = "^3.5"

[metadata.files]
async-generator = [
    {file = "async_generator-1.10-py3-none-any.whl", hash = "sha256:01c7bf666359b4967d2cda0000cc2e4af16a0ae098cbffcb8472fb9e8ad6585b"},
    {file = "async_generator-1.10.tar.gz", hash = "sha256:6ebb3d106c12920aaae42ccb6f787ef5eefdcdd166ea3d628fa8476abe712144"},
]
asyncpg = [
    {file = "asyncpg-0.20.1-cp35-cp35m-macosx_10_13_x86_64.whl", hash = "sha256:f7184689177eeb5a11fa1b2baf3f6f2e26bfd7a85acf4de1a3adbd0867d7c0e2"},
    {file = "asyncpg-0.20.1-cp35-cp35m-manylinux1_i686.whl", hash = "sha256:f0c9719ac00615f097fe91082b785bce36dbf02a5ec4115ede0ebfd2cd9500cb"},
    {file = "asyncpg-0.20.1-cp35-cp35m-manylinux1_x86_64.whl", hash = "sha256:1388caa456070dab102be874205e3ae8fd1de2577d5de9fa22e65ba5c0f8b110"},
    {file = "asyncpg-0.20.1-cp35-cp35m-win32.whl", hash = "sha256:ec6e7046c98730cb2ba4df41387e10cb8963a3ac2918f69ae416f8aab9ca7b1b"},
    {file = "asyncpg-0.20.1-cp35-cp35m-win_amd64.whl", hash = "sha256:25edb0b947eb632b6b53e5a4b36cba5677297bb34cbaba270019714d0a5fed76"},
    {file = "asyncpg-0.20.1-cp36-cp36m-macosx_10_13_x86_64.whl", hash = "sha256:95cd2df61ee00b789bdcd04a080e6d9188693b841db2bf9a87ebaed9e53147e0"},
    {file = "asyncpg-0.20.1-cp36-cp36m-manylinux1_i686.whl", hash = "sha256:058baec9d6b75612412baa872a1aa47317d0ff88c318a49f9c4a2389043d5a8d"},
    {file = "asyncpg-0.20.1-cp36-cp36m-manylinux1_x86_64.whl", hash = "sha256:c773c7dbe2f4d3ebc9e3030e94303e45d6742e6c2fc25da0c46a56ea3d83caeb"},
    {file = "asyncpg-0.20.1-cp36-cp36m-win32.whl", hash = "sha256:5664d1bd8abe64fc60a0e701eb85fa1d8c9a4a8018a5a59164d27238f2caf395"},
    {file = "asyncpg-0.20.1-cp36-cp36m-win_amd64.whl", hash = "sha256:57666dfae38f4dbf84ffbf0c5c0f78733fef0e8e083230275dcb9ccad1d5ee09"},
    {file = "asyncpg-0.20.1-cp37-cp37m-macosx_10_13_x86_64.whl", hash = "sha256:0c336903c3b08e970f8af2f606332f1738dba156bca83ed0467dc2f5c70da796"},
    {file = "asyncpg-0.20.1-cp37-cp37m-manylinux1_i686.whl", hash = "sha256:ad5ba062e09673b1a4b8d0facaf5a6d9719bf7b337440d10b07fe994d90a9552"},
    {file = "asyncpg-0.20.1-cp37-cp37m-manylinux1_x86_64.whl", hash = "sha256:ba90d3578bc6dddcbce461875672fd9bdb34f0b8215b68612dd3b65a956ff51c"},
    {file = "asyncpg-0.20.1-cp37-cp37m-win32.whl", hash = "sha256:da238592235717419a6a7b5edc8564da410ebfd056ca4ecc41e70b1b5df86fba"},
    {file = "asyncpg-0.20.1-cp37-cp37m-win_amd64.whl", hash = "sha256:74510234c294c6a6767089ba9c938f09a491426c24405634eb357bd91dffd734"},
    {file = "asyncpg-0.20.1-cp38-cp38-macosx_10_13_x86_64.whl", hash = "sha256:391aea89871df8c1560750af6c7170f2772c2d133b34772acf3637e3cf4db93e"},
    {file = "asyncpg-0.20.1-cp38-cp38-manylinux1_i686.whl", hash = "sha256:a981500bf6947926e53c48f4d60ae080af1b4ad7fa78e363465a5b5ad4f2b65e"},
    {file = "asyncpg-0.20.1-cp38-cp38-manylinux1_x86_64.whl", hash = "sha256:a9e6fd6f0f9e8bd77e9a4e1ef9a4f83a80674d9136a754ae3603e915da96b627"},
    {file = "asyncpg-0.20.1-cp38-cp38-win32.whl", hash = "sha256:e39aac2b3a2f839ce65aa255ce416de899c58b7d38d601d24ca35558e13b48e3"},
    {file = "asyncpg-0.20.1-cp38-cp38-win_amd64.whl", hash = "sha256:2af6a5a705accd36e13292ea43d08c20b15e52d684beb522cb3a7d3c9c8f3f48"},
    {file = "asyncpg-0.20.1.tar.gz", hash = "sha256:394bf19bdddbba07a38cd6fb526ebf66e120444d6b3097332b78efd5b26495b0"},
]
atomicwrites = [
    {file = "atomicwrites-1.4.0-py2.py3-none-any.whl", hash = "sha256:6d1784dea7c0c8d4a5172b6c620f40b6e4cbfdf96d783691f2e1302a7b88e197"},
    {file = "atomicwrites-1.4.0.tar.gz", hash = "sha256:ae70396ad1a434f9c7046fd2dd196fc04b12f9e91ffb859164193be8b6168a7a"},
]
attrs = [
    {file = "attrs-19.3.0-py2.py3-none-any.whl", hash = "sha256:08a96c641c3a74e44eb59afb61a24f2cb9f4d7188748e76ba4bb5edfa3cb7d1c"},
    {file = "attrs-19.3.0.tar.gz", hash = "sha256:f7b7ce16570fe9965acd6d30101a28f62fb4a7f9e926b3bbc9b61f8b04247e72"},
]
boto3 = [
    {file = "boto3-1.14.37-py2.py3-none-any.whl", hash = "sha256:84cd19e531de06577cf8d2cb863fa2e226d0b25ffaa37867e8e3d43256e0ba18"},
    {file = "boto3-1.14.37.tar.gz", hash = "sha256:aaa1bced4a0fb52368e8035b0a25a553773c80b905d8c404f1b37086d7497b5b"},
]
botocore = [
    {file = "botocore-1.17.37-py2.py3-none-any.whl", hash = "sha256:7c5c05ce8d785d442c93ee06694d03a9f6c34dca09bf48e6c13f6177261a6d36"},
    {file = "botocore-1.17.37.tar.gz", hash = "sha256:82ef4a26cbc5a6197af43286b1895d220a8864c98c44f4c2e2f2e9bedecbce89"},
]
colorama = [
    {file = "colorama-0.4.3-py2.py3-none-any.whl", hash = "sha256:7d73d2a99753107a36ac6b455ee49046802e59d9d076ef8e47b61499fa29afff"},
    {file = "colorama-0.4.3.tar.gz", hash = "sha256:e96da0d330793e2cb9485e9ddfd918d456036c7149416295932478192f4436a1"},
]
docutils = [
    {file = "docutils-0.15.2-py2-none-any.whl", hash = "sha256:9e4d7ecfc600058e07ba661411a2b7de2fd0fafa17d1a7f7361cd47b1175c827"},
    {file = "docutils-0.15.2-py3-none-any.whl", hash = "sha256:6c4f696463b79f1fb8ba0c594b63840ebd41f059e92b31957c46b74a4599b6d0"},
    {file = "docutils-0.15.2.tar.gz", hash = "sha256:a2aeea129088da402665e92e0b25b04b073c04b2dce4ab65caaa38b7ce2e1a99"},
]
grpcio = [
    {file = "grpcio-1.31.0-cp27-cp27m-macosx_10_9_x86_64.whl", hash = "sha256:e8c3264b0fd728aadf3f0324471843f65bd3b38872bdab2a477e31ffb685dd5b"},
    {file = "grpcio-1.31.0-cp27-cp27m-manylinux2010_i686.whl", hash = "sha256:5fb0923b16590bac338e92d98c7d8effb3cfad1d2e18c71bf86bde32c49cd6dd"},
    {file = "grpcio-1.31.0-cp27-cp27m-manylinux2010_x86_64.whl", hash = "sha256:58d7121f48cb94535a4cedcce32921d0d0a78563c7372a143dedeec196d1c637"},
    {file = "grpcio-1.31.0-cp27-cp27m-win32.whl", hash = "sha256:ea849210e7362559f326cbe603d5b8d8bb1e556e86a7393b5a8847057de5b084"},
    {file = "grpcio-1.31.0-cp27-cp27m-win_amd64.whl", hash = "sha256:ba3e43cb984399064ffaa3c0997576e46a1e268f9da05f97cd9b272f0b59ee71"},
    {file = "grpcio-1.31.0-cp27-cp27mu-linux_armv7l.whl", hash = "sha256:ebb2ca09fa17537e35508a29dcb05575d4d9401138a68e83d1c605d65e8a1770"},
    {file = "grpcio-1.31.0-cp27-cp27mu-manylinux2010_i686.whl", hash = "sha256:292635f05b6ce33f87116951d0b3d8d330bdfc5cac74f739370d60981e8c256c"},
    {file = "grpcio-1.31.0-cp27-cp27mu-manylinux2010_x86_64.whl", hash = "sha256:92e54ab65e782f227e751c7555918afaba8d1229601687e89b80c2b65d2f6642"},
    {file = "grpcio-1.31.0-cp35-cp35m-linux_armv7l.whl", hash = "sha256:013287f99c99b201aa8a5f6bc7918f616739b9be031db132d9e3b8453e95e151"},
    {file = "grpcio-1.31.0-cp35-cp35m-macosx_10_7_intel.whl", hash = "sha256:d2c5e05c257859febd03f5d81b5015e1946d6bcf475c7bf63ee99cea8ab0d590"},
    {file = "grpcio-1.31.0-cp35-cp35m-manylinux2010_i686.whl", hash = "sha256:c9016ab1eaf4e054099303287195f3746bd4e69f2631d040f9dca43e910a5408"},
    {file = "grpcio-1.31.0-cp35-cp35m-manylinux2010_x86_64.whl", hash = "sha256:baaa036540d7ace433bdf38a3fe5e41cf9f84cdf10a88bac805f678a7ca8ddcc"},
    {file = "grpcio-1.31.0-cp35-cp35m-manylinux2014_i686.whl", hash = "sha256:75e383053dccb610590aa53eed5278db5c09bf498d3b5105ce6c776478f59352"},
    {file = "grpcio-1.31.0-cp35-cp35m-manylinux2014_x86_64.whl", hash = "sha256:739a72abffbd36083ff7adbb862cf1afc1e311c35834bed9c0361d8e68b063e1"},
    {file = "grpcio-1.31.0-cp35-cp35m-win32.whl", hash = "sha256:f04c59d186af3157dc8811114130aaeae92e90a65283733f41de94eed484e1f7"},
    {file = "grpcio-1.31.0-cp35-cp35m-win_amd64.whl", hash = "sha256:ef9fce98b6fe03874c2a6576b02aec1a0df25742cd67d1d7b75a49e30aa74225"},
    {file = "grpcio-1.31.0-cp36-cp36m-linux_armv7l.whl", hash = "sha256:08a9b648dbe8852ff94b73a1c96da126834c3057ba2301d13e8c4adff334c482"},
    {file = "grpcio-1.31.0-cp36-cp36m-macosx_10_9_x86_64.whl", hash = "sha256:c22b19abba63562a5a200e586b5bde39d26c8ec30c92e26d209d81182371693b"},
    {file = "grpcio-1.31.0-cp36-cp36m-manylinux2010_i686.whl", hash = "sha256:0397616355760cd8282ed5ea34d51830ae4cb6613b7e5f66bed3be5d041b8b9a"},
    {file = "grpcio-1.31.0-cp36-cp36m-manylinux2010_x86_64.whl", hash = "sha256:259240aab2603891553e17ad5b2655693df79e02a9b887ff605bdeb2fcd3dcc9"},
    {file = "grpcio-1.31.0-cp36-cp36m-manylinux2014_i686.whl", hash = "sha256:8ca26b489b5dc1e3d31807d329c23d6cb06fe40fbae25b0649b718947936e26a"},
    {file = "grpcio-1.31.0-cp36-cp36m-manylinux2014_x86_64.whl", hash = "sha256:bf39977282a79dc1b2765cc3402c0ada571c29a491caec6ed12c0993c1ec115e"},
    {file = "grpcio-1.31.0-cp36-cp36m-win32.whl", hash = "sha256:f5b0870b733bcb7b6bf05a02035e7aaf20f599d3802b390282d4c2309f825f1d"},
    {file = "grpcio-1.31.0-cp36-cp36m-win_amd64.whl", hash = "sha256:074871a184483d5cd0746fd01e7d214d3ee9d36e67e32a5786b0a21f29fb8304"},
    {file = "grpcio-1.31.0-cp37-cp37m-macosx_10_9_x86_64.whl", hash = "sha256:220c46b1fc9c9a6fcca4caac398f08f0ed43cdd63c45b7458983c4a1575ef6df"},
    {file = "grpcio-1.31.0-cp37-cp37m-manylinux2010_i686.whl", hash = "sha256:7a11b1ebb3210f34913b8be6995936bf9ebc541a65ab69e75db5ce1fe5047e8f"},
    {file = "grpcio-1.31.0-cp37-cp37m-manylinux2010_x86_64.whl", hash = "sha256:3c2aa6d7a5e5bf73fdb1715eee777efe06dd39df03383f1cc095b2fdb34883e6"},
    {file = "grpcio-1.31.0-cp37-cp37m-manylinux2014_i686.whl", hash = "sha256:e64bddd09842ef508d72ca354319b0eb126205d951e8ac3128fe9869bd563552"},
    {file = "grpcio-1.31.0-cp37-cp37m-manylinux2014_x86_64.whl", hash = "sha256:5d7faa89992e015d245750ca9ac916c161bbf72777b2c60abc61da3fae41339e"},
    {file = "grpcio-1.31.0-cp37-cp37m-win32.whl", hash = "sha256:43d44548ad6ee738b941abd9f09e3b83a5c13f3e1410321023c3c148ba50e796"},
    {file = "grpcio-1.31.0-cp37-cp37m-win_amd64.whl", hash = "sha256:bf00ab06ea4f89976288f4d6224d4aa120780e30c955d4f85c3214ada29b3ddf"},
    {file = "grpcio-1.31.0-cp38-cp38-macosx_10_9_x86_64.whl", hash = "sha256:344b50865914cc8e6d023457bffee9a640abb18f75d0f2bb519041961c748da9"},
    {file = "grpcio-1.31.0-cp38-cp38-manylinux2010_i686.whl", hash = "sha256:63ee8e02d04272c3d103f44b4bce5d43ea757dd288673cea212d2f7da27967d2"},
    {file = "grpcio-1.31.0-cp38-cp38-manylinux2010_x86_64.whl", hash = "sha256:a9a7ae74cb3108e6457cf15532d4c300324b48fbcf3ef290bcd2835745f20510"},
    {file = "grpcio-1.31.0-cp38-cp38-manylinux2014_i686.whl", hash = "sha256:64077e3a9a7cf2f59e6c76d503c8de1f18a76428f41a5b000dc53c48a0b772ff"},
    {file = "grpcio-1.31.0-cp38-cp38-manylinux2014_x86_64.whl", hash = "sha256:8b42f0ac76be07a5fa31117a3388d754ad35ef05e2e34be185ca9ccbcfac2069"},
    {file = "grpcio-1.31.0-cp38-cp38-win32.whl", hash = "sha256:8002a89ea91c0078c15d3c0daf423fd4968946be78f08545e807ea9a5ff8054a"},
    {file = "grpcio-1.31.0-cp38-cp38-win_amd64.whl", hash = "sha256:0fa86ac4452602c79774783aa68979a1a7625ebb7eaabee2b6550b975b9d61e6"},
    {file = "grpcio-1.31.0.tar.gz", hash = "sha256:5043440c45c0a031f387e7f48527541c65d672005fb24cf18ef6857483557d39"},
]
grpcio-tools = [
    {file = "grpcio-tools-1.31.0.tar.gz", hash = "sha256:3b08cbd3f4d5b60e3bff8f859e6e03db739967a684268164abc940415e23ca51"},
    {file = "grpcio_tools-1.31.0-cp27-cp27m-macosx_10_9_x86_64.whl", hash = "sha256:fa472b13319bc68dcb23781682552b3148f09eae5f170ab9c5936bdc43bc154f"},
    {file = "grpcio_tools-1.31.0-cp27-cp27m-manylinux2010_i686.whl", hash = "sha256:e687db983f787079cc15055ae4011b8d780568133aec8b8514c2321a48a83c65"},
    {file = "grpcio_tools-1.31.0-cp27-cp27m-manylinux2010_x86_64.whl", hash = "sha256:82ea52b677477df5d69e0c492c13c75946ef07412101367c2c630f8b08cd3425"},
    {file = "grpcio_tools-1.31.0-cp27-cp27m-win32.whl", hash = "sha256:7ff04f2ef10d0967a990573cec88acc75a0f544d758bd46328f1065bf3f52002"},
    {file = "grpcio_tools-1.31.0-cp27-cp27m-win_amd64.whl", hash = "sha256:e1b46e3812591e0c4c61bbc1c96d92b554a7c0264667349b7ad7a2e2be760fd0"},
    {file = "grpcio_tools-1.31.0-cp27-cp27mu-linux_armv7l.whl", hash = "sha256:10ab271fd8808fa10f2c9541b3b256c7c678224d3c15f656442709dd9b591082"},
    {file = "grpcio_tools-1.31.0-cp27-cp27mu-manylinux2010_i686.whl", hash = "sha256:04320a95426f2a1b0a4b76a98fb79702d0557c9df400e78a9261a38f09475362"},
    {file = "grpcio_tools-1.31.0-cp27-cp27mu-manylinux2010_x86_64.whl", hash = "sha256:150d6e5642211df3e6af56fed963d625ed5e33b7c27d7dee6c400dc8f4edc19e"},
    {file = "grpcio_tools-1.31.0-cp35-cp35m-linux_armv7l.whl", hash = "sha256:eab1fd5f65b88ee34f58b823110012d66961b63827b2cdb20fe05df0a2525e5b"},
    {file = "grpcio_tools-1.31.0-cp35-cp35m-macosx_10_9_intel.whl", hash = "sha256:7f6edce2d18bccc3a494785519a62bed271c69186a2e8642dc4165066e196d2b"},
    {file = "grpcio_tools-1.31.0-cp35-cp35m-manylinux2010_i686.whl", hash = "sha256:013c11c8be408abcc4fea39a7222d94b84618f0794d3b6db2060ac967042ced2"},
    {file = "grpcio_tools-1.31.0-cp35-cp35m-manylinux2010_x86_64.whl", hash = "sha256:3e743797961185266e303cc0c0a365800108184425f31a4182f4ddb9788b59d7"},
    {file = "grpcio_tools-1.31.0-cp35-cp35m-manylinux2014_i686.whl", hash = "sha256:a945723b2205dd542ea9019c61682c50f82559c6f231ad11be848d00295870f1"},
    {file = "grpcio_tools-1.31.0-cp35-cp35m-manylinux2014_x86_64.whl", hash = "sha256:8faad8223a4c6b351943a0460822a09b7891cd3cdc16b5d3ad3db7516e3f09b2"},
    {file = "grpcio_tools-1.31.0-cp35-cp35m-win32.whl", hash = "sha256:262f53786148e5ba6990cdd91db76a252fef885a34fef94cd0f629103791640f"},
    {file = "grpcio_tools-1.31.0-cp35-cp35m-win_amd64.whl", hash = "sha256:a3a2039d2ee2cb58577dbdef8d70bbfaea03c3f08f8c49b63f854320da0130f9"},
    {file = "grpcio_tools-1.31.0-cp36-cp36m-linux_armv7l.whl", hash = "sha256:11849b3ca46d4e4e358d6fbccface509b885a32b91fbe5e9509136e54f2dcd9a"},
    {file = "grpcio_tools-1.31.0-cp36-cp36m-macosx_10_9_x86_64.whl", hash = "sha256:cdb52b6340d8e8954e08e5e345cc6b4defa9e0e075b4a57f2053ecac3065037c"},
    {file = "grpcio_tools-1.31.0-cp36-cp36m-manylinux2010_i686.whl", hash = "sha256:d36cb70313ab24eae7ca4da611303a768a4ec6739b20c677a39cba43d6a2b70e"},
    {file = "grpcio_tools-1.31.0-cp36-cp36m-manylinux2010_x86_64.whl", hash = "sha256:e2a7ef1deb955d7ea4e0aa8139ad42467710137421001c118e6a15c29662d34c"},
    {file = "grpcio_tools-1.31.0-cp36-cp36m-manylinux2014_i686.whl", hash = "sha256:1e454c1e28196d625ba8768baadece37667669a3142ec616245ac119c41b16b5"},
    {file = "grpcio_tools-1.31.0-cp36-cp36m-manylinux2014_x86_64.whl", hash = "sha256:fe8f8a188ab7e5955126588ba340f9a118d5a61173af8ca1b1cf05544a66312f"},
    {file = "grpcio_tools-1.31.0-cp36-cp36m-win32.whl", hash = "sha256:01efc0467bb67c395ddfe6b27902316ec953c2cd1b4936569665b0a5bccec66e"},
    {file = "grpcio_tools-1.31.0-cp36-cp36m-win_amd64.whl", hash = "sha256:a8d9f98a370332633ebc0c9be769a99b3ca2253dc2cd1ca942c26869fe4207d3"},
    {file = "grpcio_tools-1.31.0-cp37-cp37m-macosx_10_9_x86_64.whl", hash = "sha256:da61a10c60685979468ce97dc348ce4ebfc3fa5687874f36c9f834a8e645e9f2"},
    {file = "grpcio_tools-1.31.0-cp37-cp37m-manylinux2010_i686.whl", hash = "sha256:8efb0106bc71f984908b8510ffaba8b0a0905b871eb5cc6a684ce7d2e74bbd21"},
    {file = "grpcio_tools-1.31.0-cp37-cp37m-manylinux2010_x86_64.whl", hash = "sha256:8253aa47e1609dcb63001115416c81eada630f2606baace658eb44a36fa570f1"},
    {file = "grpcio_tools-1.31.0-cp37-cp37m-manylinux2014_i686.whl", hash = "sha256:7b1b8943b71709fbd2fc44bc3f5734fccbbd4eb1b13f3f294590dfb9e5ac714d"},
    {file = "grpcio_tools-1.31.0-cp37-cp37m-manylinux2014_x86_64.whl", hash = "sha256:9d96053c153673ddfa445890f4b1f9ca1b6100bd0f54a80bed29e8c0908cd830"},
    {file = "grpcio_tools-1.31.0-cp37-cp37m-win32.whl", hash = "sha256:d72f1cb2c8d0f20a8356f800c81413798caf29713a03ff8d73c776ba2baca626"},
    {file = "grpcio_tools-1.31.0-cp37-cp37m-win_amd64.whl", hash = "sha256:286979d3780f85ccc80c1dae86e0b649f25f4d18dcae123b87555468b4a14071"},
    {file = "grpcio_tools-1.31.0-cp38-cp38-macosx_10_9_x86_64.whl", hash = "sha256:66ce45b67b302662b378151522b9cdf04968bbd91678f88982c7b0a1f185fc78"},
    {file = "grpcio_tools-1.31.0-cp38-cp38-manylinux2010_i686.whl", hash = "sha256:146a583c395b1548fae2162c671c21a0ec1bf628c9d02951f77f28e70eeb7f74"},
    {file = "grpcio_tools-1.31.0-cp38-cp38-manylinux2010_x86_64.whl", hash = "sha256:5585da595d8d164c2908bffaf39801674974ac95ee47971df87b2c41b36e4c60"},
    {file = "grpcio_tools-1.31.0-cp38-cp38-manylinux2014_i686.whl", hash = "sha256:a642a0aa02223375c502e8380bb59f9e7bd21084ff7d0380a5b3e16408a6690a"},
    {file = "grpcio_tools-1.31.0-cp38-cp38-manylinux2014_x86_64.whl", hash = "sha256:0cde7d7271f2633e7b1cff9bac171921133618ef3452a1e6f1752c0a32dbf94a"},
    {file = "grpcio_tools-1.31.0-cp38-cp38-win32.whl", hash = "sha256:54285a3f9b110b1e08dcf96832f2b9f7d4c4a14556a8bbce41d98cea7f226e6c"},
    {file = "grpcio_tools-1.31.0-cp38-cp38-win_amd64.whl", hash = "sha256:66c4948babbd698fef3e5fa47811267dad08f9cb3455a4866b98c854a4a01f46"},
]
importlib-metadata = [
    {file = "importlib_metadata-1.7.0-py2.py3-none-any.whl", hash = "sha256:dc15b2969b4ce36305c51eebe62d418ac7791e9a157911d58bfb1f9ccd8e2070"},
    {file = "importlib_metadata-1.7.0.tar.gz", hash = "sha256:90bb658cdbbf6d1735b6341ce708fc7024a3e14e99ffdc5783edea9f9b077f83"},
]
jmespath = [
    {file = "jmespath-0.10.0-py2.py3-none-any.whl", hash = "sha256:cdf6525904cc597730141d61b36f2e4b8ecc257c420fa2f4549bac2c2d0cb72f"},
    {file = "jmespath-0.10.0.tar.gz", hash = "sha256:b85d0567b8666149a93172712e68920734333c0ce7e89b78b3e987f71e5ed4f9"},
]
more-itertools = [
    {file = "more-itertools-8.4.0.tar.gz", hash = "sha256:68c70cc7167bdf5c7c9d8f6954a7837089c6a36bf565383919bb595efb8a17e5"},
    {file = "more_itertools-8.4.0-py3-none-any.whl", hash = "sha256:b78134b2063dd214000685165d81c154522c3ee0a1c0d4d113c80361c234c5a2"},
]
mysql-connector-python = [
    {file = "mysql-connector-python-8.0.21.tar.gz", hash = "sha256:0eecec5ab1a4ba03741bee5ec3cb02a8647470ba4a5c50a14c49425db2ec3590"},
    {file = "mysql_connector_python-8.0.21-cp27-cp27m-macosx_10_14_x86_64.whl", hash = "sha256:86cfa8f05856db41394590b6d4d34d11e98f3550e7ef2a7add27a1a18c590968"},
    {file = "mysql_connector_python-8.0.21-cp27-cp27m-manylinux1_i686.whl", hash = "sha256:cb8818260a5731b0617c1da6960dc947e06d408ddd7ff387e102403c9b7ed90e"},
    {file = "mysql_connector_python-8.0.21-cp27-cp27m-manylinux1_x86_64.whl", hash = "sha256:7eef083bc90469d97b2f9ee1ec9a06c8332590bda80c7a6023c97678a19bc0ea"},
    {file = "mysql_connector_python-8.0.21-cp27-cp27mu-manylinux1_i686.whl", hash = "sha256:83b8ca88bb99445cef7c0dca9c0e470c15fd72365a261dafa1da6f885bfb14fe"},
    {file = "mysql_connector_python-8.0.21-cp27-cp27mu-manylinux1_x86_64.whl", hash = "sha256:00403ae0099248cba6076eb5454c8012c33fc011164fcaccd68b78c9298e3574"},
    {file = "mysql_connector_python-8.0.21-cp35-cp35m-macosx_10_14_x86_64.whl", hash = "sha256:a6502199133fcefeb04ac91638a07b326ea3e7d8b8216da11eb2e763836eeee8"},
    {file = "mysql_connector_python-8.0.21-cp35-cp35m-manylinux1_i686.whl", hash = "sha256:322883e4850fa0064c9a60fcc11a8697cd691d9fa1b7e0a2c1b9eb673be1006a"},
    {file = "mysql_connector_python-8.0.21-cp35-cp35m-manylinux1_x86_64.whl", hash = "sha256:689245f055b81cfd5e2f19726e2ca7226022f685c5ec828a37e6c66d5a000281"},
    {file = "mysql_connector_python-8.0.21-cp35-cp35m-win_amd64.whl", hash = "sha256:1ac799506b4fe5d44d31861c75299478125d855cbdc073de23a67bf3f468f265"},
    {file = "mysql_connector_python-8.0.21-cp36-cp36m-macosx_10_14_x86_64.whl", hash = "sha256:ecfa762cff5d3f7373494f74574df62fdd30f051e18bfe45bfa3d9713de5c759"},
    {file = "mysql_connector_python-8.0.21-cp36-cp36m-manylinux1_i686.whl", hash = "sha256:6e037712775209f2951da4be5be02720f18b7943b8a6f9a2a810e168c001af38"},
    {file = "mysql_connector_python-8.0.21-cp36-cp36m-manylinux1_x86_64.whl", hash = "sha256:ebd5df00417a1047a19e02643bbe1c7735a870384e1f21d96c97d98045925890"},
    {file = "mysql_connector_python-8.0.21-cp36-cp36m-win_amd64.whl", hash = "sha256:14275f55706e225be0f0044f15fb9a9146c3015d81e12292dbfe8c830de4ee55"},
    {file = "mysql_connector_python-8.0.21-cp37-cp37m-macosx_10_14_x86_64.whl", hash = "sha256:6a2f237ced3468a37abe240a787717271bf576413a9fb36ef6f049e39f3a5b29"},
    {file = "mysql_connector_python-8.0.21-cp37-cp37m-manylinux1_i686.whl", hash = "sha256:07f6dea4b48b6afdbc952431a76c5e6fc1fa02d57e324670d5c4d73c54a981ff"},
    {file = "mysql_connector_python-8.0.21-cp37-cp37m-manylinux1_x86_64.whl", hash = "sha256:7a2294bc4b49b15fb0381cf4718ebe002d4c01d15bfc3f7a37cc2e03260611a6"},
    {file = "mysql_connector_python-8.0.21-cp37-cp37m-win_amd64.whl", hash = "sha256:995661221a686676920f6e2b34dd7ac77992449ae860677dfab7e95bce87deec"},
    {file = "mysql_connector_python-8.0.21-cp38-cp38-macosx_10_14_x86_64.whl", hash = "sha256:a1cbd47a2ffa919f69df34e52d090ee97442ef9bb0e0ae56045bbf72f14be26e"},
    {file = "mysql_connector_python-8.0.21-cp38-cp38-manylinux1_i686.whl", hash = "sha256:e10975b4adfedd269b30cd5dc3a6bd683b4f53345b7e97e35b7a7281b9062547"},
    {file = "mysql_connector_python-8.0.21-cp38-cp38-manylinux1_x86_64.whl", hash = "sha256:e9e0054fb273301a369065b30077f51966630388ac21c370e941215b479772f3"},
    {file = "mysql_connector_python-8.0.21-cp38-cp38m-win_amd64.whl", hash = "sha256:2a467b290c2256277fbe4ddf1630a75f21d2a887b4c7bfe9c4afde86dae49848"},
    {file = "mysql_connector_python-8.0.21-py2.py3-none-any.whl", hash = "sha256:97950141f4d902d5ba8590c2be8da481654b07eca1da74c6b5d0b43849fd7e33"},
]
packaging = [
    {file = "packaging-20.4-py2.py3-none-any.whl", hash = "sha256:998416ba6962ae7fbd6596850b80e17859a5753ba17c32284f67bfff33784181"},
    {file = "packaging-20.4.tar.gz", hash = "sha256:4357f74f47b9c12db93624a82154e9b120fa8293699949152b22065d556079f8"},
]
pathlib2 = [
    {file = "pathlib2-2.3.5-py2.py3-none-any.whl", hash = "sha256:0ec8205a157c80d7acc301c0b18fbd5d44fe655968f5d947b6ecef5290fc35db"},
    {file = "pathlib2-2.3.5.tar.gz", hash = "sha256:6cd9a47b597b37cc57de1c05e56fb1a1c9cc9fab04fe78c29acd090418529868"},
]
pluggy = [
    {file = "pluggy-0.13.1-py2.py3-none-any.whl", hash = "sha256:966c145cd83c96502c3c3868f50408687b38434af77734af1e9ca461a4081d2d"},
    {file = "pluggy-0.13.1.tar.gz", hash = "sha256:15b2acde666561e1298d71b523007ed7364de07029219b604cf808bfa1c765b0"},
]
protobuf = [
    {file = "protobuf-3.12.4-cp27-cp27m-macosx_10_9_x86_64.whl", hash = "sha256:3d59825cba9447e8f4fcacc1f3c892cafd28b964e152629b3f420a2fb5918b5a"},
    {file = "protobuf-3.12.4-cp27-cp27mu-manylinux1_x86_64.whl", hash = "sha256:6009f3ebe761fad319b52199a49f1efa7a3729302947a78a3f5ea8e7e89e3ac2"},
    {file = "protobuf-3.12.4-cp35-cp35m-macosx_10_9_intel.whl", hash = "sha256:e2bd5c98952db3f1bb1af2e81b6a208909d3b8a2d32f7525c5cc10a6338b6593"},
    {file = "protobuf-3.12.4-cp35-cp35m-manylinux1_x86_64.whl", hash = "sha256:2becd0e238ae34caf96fa7365b87f65b88aebcf7864dfe5ab461c5005f4256d9"},
    {file = "protobuf-3.12.4-cp35-cp35m-win32.whl", hash = "sha256:ef991cbe34d7bb935ba6349406a210d3558b9379c21621c6ed7b99112af7350e"},
    {file = "protobuf-3.12.4-cp35-cp35m-win_amd64.whl", hash = "sha256:a7b6cf201e67132ca99b8a6c4812fab541fdce1ceb54bb6f66bc336ab7259138"},
    {file = "protobuf-3.12.4-cp36-cp36m-macosx_10_9_x86_64.whl", hash = "sha256:4794a7748ee645d2ae305f3f4f0abd459e789c973b5bc338008960f83e0c554b"},
    {file = "protobuf-3.12.4-cp36-cp36m-manylinux1_x86_64.whl", hash = "sha256:f1796e0eb911bf5b08e76b753953effbeb6bc42c95c16597177f627eaa52c375"},
    {file = "protobuf-3.12.4-cp36-cp36m-win32.whl", hash = "sha256:c0c8d7c8f07eacd9e98a907941b56e57883cf83de069cfaeaa7e02c582f72ddb"},
    {file = "protobuf-3.12.4-cp36-cp36m-win_amd64.whl", hash = "sha256:2db6940c1914fa3fbfabc0e7c8193d9e18b01dbb4650acac249b113be3ba8d9e"},
    {file = "protobuf-3.12.4-cp37-cp37m-macosx_10_9_x86_64.whl", hash = "sha256:b6842284bb15f1b19c50c5fd496f1e2a4cfefdbdfa5d25c02620cb82793295a7"},
    {file = "protobuf-3.12.4-cp37-cp37m-manylinux1_x86_64.whl", hash = "sha256:0b00429b87821f1e6f3d641327864e6f271763ae61799f7540bc58a352825fe2"},
    {file = "protobuf-3.12.4-cp37-cp37m-win32.whl", hash = "sha256:f10ba89f9cd508dc00e469918552925ef7cba38d101ca47af1e78f2f9982c6b3"},
    {file = "protobuf-3.12.4-cp37-cp37m-win_amd64.whl", hash = "sha256:2636c689a6a2441da9a2ef922a21f9b8bfd5dfe676abd77d788db4b36ea86bee"},
    {file = "protobuf-3.12.4-cp38-cp38-macosx_10_9_x86_64.whl", hash = "sha256:50b7bb2124f6a1fb0ddc6a44428ae3a21e619ad2cdf08130ac6c00534998ef07"},
    {file = "protobuf-3.12.4-cp38-cp38-manylinux1_x86_64.whl", hash = "sha256:e77ca4e1403b363a88bde9e31c11d093565e925e1685f40b29385a52f2320794"},
    {file = "protobuf-3.12.4-py2.py3-none-any.whl", hash = "sha256:32f0bcdf85e0040f36b4f548c71177027f2a618cab00ba235197fa9e230b7289"},
    {file = "protobuf-3.12.4.tar.gz", hash = "sha256:c99e5aea75b6f2b29c8d8da5bdc5f5ed8d9a5b4f15115c8316a3f0a850f94656"},
]
psycopg2 = [
    {file = "psycopg2-2.8.5-cp27-cp27m-win32.whl", hash = "sha256:a0984ff49e176062fcdc8a5a2a670c9bb1704a2f69548bce8f8a7bad41c661bf"},
    {file = "psycopg2-2.8.5-cp27-cp27m-win_amd64.whl", hash = "sha256:acf56d564e443e3dea152efe972b1434058244298a94348fc518d6dd6a9fb0bb"},
    {file = "psycopg2-2.8.5-cp34-cp34m-win32.whl", hash = "sha256:440a3ea2c955e89321a138eb7582aa1d22fe286c7d65e26a2c5411af0a88ae72"},
    {file = "psycopg2-2.8.5-cp34-cp34m-win_amd64.whl", hash = "sha256:6b306dae53ec7f4f67a10942cf8ac85de930ea90e9903e2df4001f69b7833f7e"},
    {file = "psycopg2-2.8.5-cp35-cp35m-win32.whl", hash = "sha256:d3b29d717d39d3580efd760a9a46a7418408acebbb784717c90d708c9ed5f055"},
    {file = "psycopg2-2.8.5-cp35-cp35m-win_amd64.whl", hash = "sha256:6a471d4d2a6f14c97a882e8d3124869bc623f3df6177eefe02994ea41fd45b52"},
    {file = "psycopg2-2.8.5-cp36-cp36m-win32.whl", hash = "sha256:27c633f2d5db0fc27b51f1b08f410715b59fa3802987aec91aeb8f562724e95c"},
    {file = "psycopg2-2.8.5-cp36-cp36m-win_amd64.whl", hash = "sha256:2df2bf1b87305bd95eb3ac666ee1f00a9c83d10927b8144e8e39644218f4cf81"},
    {file = "psycopg2-2.8.5-cp37-cp37m-win32.whl", hash = "sha256:ac5b23d0199c012ad91ed1bbb971b7666da651c6371529b1be8cbe2a7bf3c3a9"},
    {file = "psycopg2-2.8.5-cp37-cp37m-win_amd64.whl", hash = "sha256:2c0afb40cfb4d53487ee2ebe128649028c9a78d2476d14a67781e45dc287f080"},
    {file = "psycopg2-2.8.5-cp38-cp38-win32.whl", hash = "sha256:2327bf42c1744a434ed8ed0bbaa9168cac7ee5a22a9001f6fc85c33b8a4a14b7"},
    {file = "psycopg2-2.8.5-cp38-cp38-win_amd64.whl", hash = "sha256:132efc7ee46a763e68a815f4d26223d9c679953cd190f1f218187cb60decf535"},
    {file = "psycopg2-2.8.5.tar.gz", hash = "sha256:f7d46240f7a1ae1dd95aab38bd74f7428d46531f69219954266d669da60c0818"},
]
py = [
    {file = "py-1.9.0-py2.py3-none-any.whl", hash = "sha256:366389d1db726cd2fcfc79732e75410e5fe4d31db13692115529d34069a043c2"},
    {file = "py-1.9.0.tar.gz", hash = "sha256:9ca6883ce56b4e8da7e79ac18787889fa5206c79dcc67fb065376cd2fe03f342"},
]
pymysql = [
    {file = "PyMySQL-0.9.3-py2.py3-none-any.whl", hash = "sha256:3943fbbbc1e902f41daf7f9165519f140c4451c179380677e6a848587042561a"},
    {file = "PyMySQL-0.9.3.tar.gz", hash = "sha256:d8c059dcd81dedb85a9f034d5e22dcb4442c0b201908bede99e306d65ea7c8e7"},
]
pyparsing = [
    {file = "pyparsing-2.4.7-py2.py3-none-any.whl", hash = "sha256:ef9d7589ef3c200abe66653d3f1ab1033c3c419ae9b9bdb1240a85b024efc88b"},
    {file = "pyparsing-2.4.7.tar.gz", hash = "sha256:c203ec8783bf771a155b207279b9bccb8dea02d8f0c9e5f8ead507bc3246ecc1"},
]
pytest = [
    {file = "pytest-5.4.3-py3-none-any.whl", hash = "sha256:5c0db86b698e8f170ba4582a492248919255fcd4c79b1ee64ace34301fb589a1"},
    {file = "pytest-5.4.3.tar.gz", hash = "sha256:7979331bfcba207414f5e1263b5a0f8f521d0f457318836a7355531ed1a4c7d8"},
]
pytest-asyncio = [
    {file = "pytest-asyncio-0.14.0.tar.gz", hash = "sha256:9882c0c6b24429449f5f969a5158b528f39bde47dc32e85b9f0403965017e700"},
    {file = "pytest_asyncio-0.14.0-py3-none-any.whl", hash = "sha256:2eae1e34f6c68fc0a9dc12d4bea190483843ff4708d24277c41568d6b6044f1d"},
]
pytest-parallel = [
    {file = "pytest-parallel-0.1.0.tar.gz", hash = "sha256:4663a8fb805ac98b51e51de84d35ffd9717017fb71ed270440dc94b862466c20"},
    {file = "pytest_parallel-0.1.0-py3-none-any.whl", hash = "sha256:10693161e350b59466ca331bad964073555cda114cc0499bd826deeceee512ed"},
]
python-dateutil = [
    {file = "python-dateutil-2.8.1.tar.gz", hash = "sha256:73ebfe9dbf22e832286dafa60473e4cd239f8592f699aa5adaf10050e6e1823c"},
    {file = "python_dateutil-2.8.1-py2.py3-none-any.whl", hash = "sha256:75bb3f31ea686f1197762692a9ee6a7550b59fc6ca3a1f4b5d7e32fb98e2da2a"},
]
s3transfer = [
    {file = "s3transfer-0.3.3-py2.py3-none-any.whl", hash = "sha256:2482b4259524933a022d59da830f51bd746db62f047d6eb213f2f8855dcb8a13"},
    {file = "s3transfer-0.3.3.tar.gz", hash = "sha256:921a37e2aefc64145e7b73d50c71bb4f26f46e4c9f414dc648c6245ff92cf7db"},
]
six = [
    {file = "six-1.15.0-py2.py3-none-any.whl", hash = "sha256:8b74bedcbbbaca38ff6d7491d76f2b06b3592611af620f8426e82dddb04a5ced"},
    {file = "six-1.15.0.tar.gz", hash = "sha256:30639c035cdb23534cd4aa2dd52c3bf48f06e5f4a941509c8bafd8ce11080259"},
]
tblib = [
    {file = "tblib-1.7.0-py2.py3-none-any.whl", hash = "sha256:289fa7359e580950e7d9743eab36b0691f0310fce64dee7d9c31065b8f723e23"},
    {file = "tblib-1.7.0.tar.gz", hash = "sha256:059bd77306ea7b419d4f76016aef6d7027cc8a0785579b5aad198803435f882c"},
]
urllib3 = [
    {file = "urllib3-1.25.10-py2.py3-none-any.whl", hash = "sha256:e7983572181f5e1522d9c98453462384ee92a0be7fac5f1413a1e35c56cc0461"},
    {file = "urllib3-1.25.10.tar.gz", hash = "sha256:91056c15fa70756691db97756772bb1eb9678fa585d9184f24534b100dc60f4a"},
]
wcwidth = [
    {file = "wcwidth-0.2.5-py2.py3-none-any.whl", hash = "sha256:beb4802a9cebb9144e99086eff703a642a13d6a0052920003a230f3294bbe784"},
    {file = "wcwidth-0.2.5.tar.gz", hash = "sha256:c4d647b99872929fdb7bdcaa4fbe7f01413ed3d98077df798530e5b04f116c83"},
]
zipp = [
    {file = "zipp-1.2.0-py2.py3-none-any.whl", hash = "sha256:e0d9e63797e483a30d27e09fffd308c59a700d365ec34e93cc100844168bf921"},
    {file = "zipp-1.2.0.tar.gz", hash = "sha256:c70410551488251b0fee67b460fb9a536af8d6f9f008ad10ac51f615b6a521b1"},
]
